
Microsoft Visual Studio Solution File, Format Version 12.00
# Visual Studio Version 16
VisualStudioVersion = 16.0.31613.86
MinimumVisualStudioVersion = 10.0.40219.1
Project("{FAE04EC0-301F-11D3-BF4B-00C04F79EFBC}") = "ClassLibrary1", "ClassLibrary1\ClassLibrary1.csproj", "{ABA46BC0-7467-420D-A62F-2CA3D566976D}"
EndProject
Project("{FAE04EC0-301F-11D3-BF4B-00C04F79EFBC}") = "WCFConsoleHost", "WCFConsoleHost\WCFConsoleHost.csproj", "{5788002F-F0D0-4064-8772-32EA4B7530C8}"
EndProject
Global
	GlobalSection(SolutionConfigurationPlatforms) = preSolution
		Debug|Any CPU = Debug|Any CPU
		Release|Any CPU = Release|Any CPU
	EndGlobalSection
	GlobalSection(ProjectConfigurationPlatforms) = postSolution
		{ABA46BC0-7467-420D-A62F-2CA3D566976D}.Debug|Any CPU.ActiveCfg = Debug|Any CPU
		{ABA46BC0-7467-420D-A62F-2CA3D566976D}.Debug|Any CPU.Build.0 = Debug|Any CPU
		{ABA46BC0-7467-420D-A62F-2CA3D566976D}.Release|Any CPU.ActiveCfg = Release|Any CPU
		{ABA46BC0-7467-420D-A62F-2CA3D566976D}.Release|Any CPU.Build.0 = Release|Any CPU
		{5788002F-F0D0-4064-8772-32EA4B7530C8}.Debug|Any CPU.ActiveCfg = Debug|Any CPU
		{5788002F-F0D0-4064-8772-32EA4B7530C8}.Debug|Any CPU.Build.0 = Debug|Any CPU
		{5788002F-F0D0-4064-8772-32EA4B7530C8}.Release|Any CPU.ActiveCfg = Release|Any CPU
		{5788002F-F0D0-4064-8772-32EA4B7530C8}.Release|Any CPU.Build.0 = Release|Any CPU
	EndGlobalSection
	GlobalSection(SolutionProperties) = preSolution
		HideSolutionNode = FALSE
	EndGlobalSection
	GlobalSection(ExtensibilityGlobals) = postSolution
		SolutionGuid = {80B2682E-64C8-4FCD-B484-0545F1EEBC3B}
	EndGlobalSection
EndGlobal
